// !$*UTF8*$!
{
	archiveVersion = 1;
	classes = {
	};
	objectVersion = 56;
	objects = {

/* Begin PBXBuildFile section */
		3BB9FC0C2957359C005B1956 /* SampleAppApp.swift in Sources */ = {isa = PBXBuildFile; fileRef = 3BB9FC0B2957359C005B1956 /* SampleAppApp.swift */; };
		3BB9FC0E2957359C005B1956 /* ContentView.swift in Sources */ = {isa = PBXBuildFile; fileRef = 3BB9FC0D2957359C005B1956 /* ContentView.swift */; };
		3BB9FC102957359D005B1956 /* Assets.xcassets in Resources */ = {isa = PBXBuildFile; fileRef = 3BB9FC0F2957359D005B1956 /* Assets.xcassets */; };
		3BB9FC142957359D005B1956 /* Preview Assets.xcassets in Resources */ = {isa = PBXBuildFile; fileRef = 3BB9FC132957359D005B1956 /* Preview Assets.xcassets */; };
		3BB9FC1F29573ECD005B1956 /* UsersListModel.swift in Sources */ = {isa = PBXBuildFile; fileRef = 3BB9FC1E29573ECD005B1956 /* UsersListModel.swift */; };
		3BB9FC212957434C005B1956 /* UserDetailModel.swift in Sources */ = {isa = PBXBuildFile; fileRef = 3BB9FC202957434C005B1956 /* UserDetailModel.swift */; };
		3BB9FC2429585061005B1956 /* UsersStaticData.json in Resources */ = {isa = PBXBuildFile; fileRef = 3BB9FC2329585061005B1956 /* UsersStaticData.json */; };
		3BB9FC26295850C3005B1956 /* SingleUserStaticData.json in Resources */ = {isa = PBXBuildFile; fileRef = 3BB9FC25295850C3005B1956 /* SingleUserStaticData.json */; };
		3BB9FC2829585201005B1956 /* StaticJSONMapper.swift in Sources */ = {isa = PBXBuildFile; fileRef = 3BB9FC2729585201005B1956 /* StaticJSONMapper.swift */; };
		3BB9FC2A295855C2005B1956 /* UsersListView.swift in Sources */ = {isa = PBXBuildFile; fileRef = 3BB9FC29295855C2005B1956 /* UsersListView.swift */; };
		3BB9FC2C29586790005B1956 /* OneUserGridView.swift in Sources */ = {isa = PBXBuildFile; fileRef = 3BB9FC2B29586790005B1956 /* OneUserGridView.swift */; };
		3BB9FC2E295A15BA005B1956 /* UserDetailView.swift in Sources */ = {isa = PBXBuildFile; fileRef = 3BB9FC2D295A15BA005B1956 /* UserDetailView.swift */; };
		3BB9FC30295ADFE6005B1956 /* CreateUserView.swift in Sources */ = {isa = PBXBuildFile; fileRef = 3BB9FC2F295ADFE6005B1956 /* CreateUserView.swift */; };
		3BB9FC32295B7649005B1956 /* NetworkingManager.swift in Sources */ = {isa = PBXBuildFile; fileRef = 3BB9FC31295B7649005B1956 /* NetworkingManager.swift */; };
		3BB9FC34295B88AA005B1956 /* UsersListViewModel.swift in Sources */ = {isa = PBXBuildFile; fileRef = 3BB9FC33295B88AA005B1956 /* UsersListViewModel.swift */; };
		3BB9FC36295B8ED1005B1956 /* UserDetailViewModel.swift in Sources */ = {isa = PBXBuildFile; fileRef = 3BB9FC35295B8ED1005B1956 /* UserDetailViewModel.swift */; };
		3BB9FC38295CC1A2005B1956 /* CreateUserModel.swift in Sources */ = {isa = PBXBuildFile; fileRef = 3BB9FC37295CC1A1005B1956 /* CreateUserModel.swift */; };
		3BB9FC3C295CC242005B1956 /* CreateUserViewModel.swift in Sources */ = {isa = PBXBuildFile; fileRef = 3BB9FC3B295CC242005B1956 /* CreateUserViewModel.swift */; };
/* End PBXBuildFile section */

/* Begin PBXFileReference section */
		3BB9FC082957359C005B1956 /* SampleApp.app */ = {isa = PBXFileReference; explicitFileType = wrapper.application; includeInIndex = 0; path = SampleApp.app; sourceTree = BUILT_PRODUCTS_DIR; };
		3BB9FC0B2957359C005B1956 /* SampleAppApp.swift */ = {isa = PBXFileReference; lastKnownFileType = sourcecode.swift; path = SampleAppApp.swift; sourceTree = "<group>"; };
		3BB9FC0D2957359C005B1956 /* ContentView.swift */ = {isa = PBXFileReference; lastKnownFileType = sourcecode.swift; path = ContentView.swift; sourceTree = "<group>"; };
		3BB9FC0F2957359D005B1956 /* Assets.xcassets */ = {isa = PBXFileReference; lastKnownFileType = folder.assetcatalog; path = Assets.xcassets; sourceTree = "<group>"; };
		3BB9FC112957359D005B1956 /* SampleApp.entitlements */ = {isa = PBXFileReference; lastKnownFileType = text.plist.entitlements; path = SampleApp.entitlements; sourceTree = "<group>"; };
		3BB9FC132957359D005B1956 /* Preview Assets.xcassets */ = {isa = PBXFileReference; lastKnownFileType = folder.assetcatalog; path = "Preview Assets.xcassets"; sourceTree = "<group>"; };
		3BB9FC1E29573ECD005B1956 /* UsersListModel.swift */ = {isa = PBXFileReference; lastKnownFileType = sourcecode.swift; path = UsersListModel.swift; sourceTree = "<group>"; };
		3BB9FC202957434C005B1956 /* UserDetailModel.swift */ = {isa = PBXFileReference; lastKnownFileType = sourcecode.swift; path = UserDetailModel.swift; sourceTree = "<group>"; };
		3BB9FC2329585061005B1956 /* UsersStaticData.json */ = {isa = PBXFileReference; lastKnownFileType = text.json; path = UsersStaticData.json; sourceTree = "<group>"; };
		3BB9FC25295850C3005B1956 /* SingleUserStaticData.json */ = {isa = PBXFileReference; lastKnownFileType = text.json; path = SingleUserStaticData.json; sourceTree = "<group>"; };
		3BB9FC2729585201005B1956 /* StaticJSONMapper.swift */ = {isa = PBXFileReference; lastKnownFileType = sourcecode.swift; path = StaticJSONMapper.swift; sourceTree = "<group>"; };
		3BB9FC29295855C2005B1956 /* UsersListView.swift */ = {isa = PBXFileReference; lastKnownFileType = sourcecode.swift; path = UsersListView.swift; sourceTree = "<group>"; };
		3BB9FC2B29586790005B1956 /* OneUserGridView.swift */ = {isa = PBXFileReference; lastKnownFileType = sourcecode.swift; path = OneUserGridView.swift; sourceTree = "<group>"; };
		3BB9FC2D295A15BA005B1956 /* UserDetailView.swift */ = {isa = PBXFileReference; lastKnownFileType = sourcecode.swift; path = UserDetailView.swift; sourceTree = "<group>"; };
		3BB9FC2F295ADFE6005B1956 /* CreateUserView.swift */ = {isa = PBXFileReference; lastKnownFileType = sourcecode.swift; path = CreateUserView.swift; sourceTree = "<group>"; };
		3BB9FC31295B7649005B1956 /* NetworkingManager.swift */ = {isa = PBXFileReference; lastKnownFileType = sourcecode.swift; path = NetworkingManager.swift; sourceTree = "<group>"; };
		3BB9FC33295B88AA005B1956 /* UsersListViewModel.swift */ = {isa = PBXFileReference; lastKnownFileType = sourcecode.swift; path = UsersListViewModel.swift; sourceTree = "<group>"; };
		3BB9FC35295B8ED1005B1956 /* UserDetailViewModel.swift */ = {isa = PBXFileReference; lastKnownFileType = sourcecode.swift; path = UserDetailViewModel.swift; sourceTree = "<group>"; };
		3BB9FC37295CC1A1005B1956 /* CreateUserModel.swift */ = {isa = PBXFileReference; lastKnownFileType = sourcecode.swift; path = CreateUserModel.swift; sourceTree = "<group>"; };
		3BB9FC3B295CC242005B1956 /* CreateUserViewModel.swift */ = {isa = PBXFileReference; lastKnownFileType = sourcecode.swift; path = CreateUserViewModel.swift; sourceTree = "<group>"; };
/* End PBXFileReference section */

/* Begin PBXFrameworksBuildPhase section */
		3BB9FC052957359C005B1956 /* Frameworks */ = {
			isa = PBXFrameworksBuildPhase;
			buildActionMask = 2147483647;
			files = (
			);
			runOnlyForDeploymentPostprocessing = 0;
		};
/* End PBXFrameworksBuildPhase section */

/* Begin PBXGroup section */
		3BB9FBFF2957359C005B1956 = {
			isa = PBXGroup;
			children = (
				3BB9FC0A2957359C005B1956 /* SampleApp */,
				3BB9FC092957359C005B1956 /* Products */,
			);
			sourceTree = "<group>";
		};
		3BB9FC092957359C005B1956 /* Products */ = {
			isa = PBXGroup;
			children = (
				3BB9FC082957359C005B1956 /* SampleApp.app */,
			);
			name = Products;
			sourceTree = "<group>";
		};
		3BB9FC0A2957359C005B1956 /* SampleApp */ = {
			isa = PBXGroup;
			children = (
				3BB9FC222958501B005B1956 /* JSON */,
				3BB9FC1A295735E2005B1956 /* Utility */,
				3BB9FC1B295735EB005B1956 /* Models */,
				3BB9FC1C29573601005B1956 /* ViewModels */,
				3BB9FC1D2957360D005B1956 /* Views */,
				3BB9FC0B2957359C005B1956 /* SampleAppApp.swift */,
				3BB9FC0D2957359C005B1956 /* ContentView.swift */,
				3BB9FC0F2957359D005B1956 /* Assets.xcassets */,
				3BB9FC112957359D005B1956 /* SampleApp.entitlements */,
				3BB9FC122957359D005B1956 /* Preview Content */,
			);
			path = SampleApp;
			sourceTree = "<group>";
		};
		3BB9FC122957359D005B1956 /* Preview Content */ = {
			isa = PBXGroup;
			children = (
				3BB9FC132957359D005B1956 /* Preview Assets.xcassets */,
			);
			path = "Preview Content";
			sourceTree = "<group>";
		};
		3BB9FC1A295735E2005B1956 /* Utility */ = {
			isa = PBXGroup;
			children = (
				3BB9FC2729585201005B1956 /* StaticJSONMapper.swift */,
				3BB9FC31295B7649005B1956 /* NetworkingManager.swift */,
			);
			path = Utility;
			sourceTree = "<group>";
		};
		3BB9FC1B295735EB005B1956 /* Models */ = {
			isa = PBXGroup;
			children = (
				3BB9FC1E29573ECD005B1956 /* UsersListModel.swift */,
				3BB9FC202957434C005B1956 /* UserDetailModel.swift */,
				3BB9FC37295CC1A1005B1956 /* CreateUserModel.swift */,
			);
			path = Models;
			sourceTree = "<group>";
		};
		3BB9FC1C29573601005B1956 /* ViewModels */ = {
			isa = PBXGroup;
			children = (
				3BB9FC33295B88AA005B1956 /* UsersListViewModel.swift */,
				3BB9FC35295B8ED1005B1956 /* UserDetailViewModel.swift */,
				3BB9FC3B295CC242005B1956 /* CreateUserViewModel.swift */,
			);
			path = ViewModels;
			sourceTree = "<group>";
		};
		3BB9FC1D2957360D005B1956 /* Views */ = {
			isa = PBXGroup;
			children = (
				3BB9FC29295855C2005B1956 /* UsersListView.swift */,
				3BB9FC2B29586790005B1956 /* OneUserGridView.swift */,
				3BB9FC2D295A15BA005B1956 /* UserDetailView.swift */,
				3BB9FC2F295ADFE6005B1956 /* CreateUserView.swift */,
			);
			path = Views;
			sourceTree = "<group>";
		};
		3BB9FC222958501B005B1956 /* JSON */ = {
			isa = PBXGroup;
			children = (
				3BB9FC2329585061005B1956 /* UsersStaticData.json */,
				3BB9FC25295850C3005B1956 /* SingleUserStaticData.json */,
			);
			path = JSON;
			sourceTree = "<group>";
		};
/* End PBXGroup section */

/* Begin PBXNativeTarget section */
		3BB9FC072957359C005B1956 /* SampleApp */ = {
			isa = PBXNativeTarget;
			buildConfigurationList = 3BB9FC172957359D005B1956 /* Build configuration list for PBXNativeTarget "SampleApp" */;
			buildPhases = (
				3BB9FC042957359C005B1956 /* Sources */,
				3BB9FC052957359C005B1956 /* Frameworks */,
				3BB9FC062957359C005B1956 /* Resources */,
			);
			buildRules = (
			);
			dependencies = (
			);
			name = SampleApp;
			productName = SampleApp;
			productReference = 3BB9FC082957359C005B1956 /* SampleApp.app */;
			productType = "com.apple.product-type.application";
		};
/* End PBXNativeTarget section */

/* Begin PBXProject section */
		3BB9FC002957359C005B1956 /* Project object */ = {
			isa = PBXProject;
			attributes = {
				BuildIndependentTargetsInParallel = 1;
				LastSwiftUpdateCheck = 1410;
				LastUpgradeCheck = 1410;
				TargetAttributes = {
					3BB9FC072957359C005B1956 = {
						CreatedOnToolsVersion = 14.1;
					};
				};
			};
			buildConfigurationList = 3BB9FC032957359C005B1956 /* Build configuration list for PBXProject "SampleApp" */;
			compatibilityVersion = "Xcode 14.0";
			developmentRegion = en;
			hasScannedForEncodings = 0;
			knownRegions = (
				en,
				Base,
			);
			mainGroup = 3BB9FBFF2957359C005B1956;
			productRefGroup = 3BB9FC092957359C005B1956 /* Products */;
			projectDirPath = "";
			projectRoot = "";
			targets = (
				3BB9FC072957359C005B1956 /* SampleApp */,
			);
		};
/* End PBXProject section */

/* Begin PBXResourcesBuildPhase section */
		3BB9FC062957359C005B1956 /* Resources */ = {
			isa = PBXResourcesBuildPhase;
			buildActionMask = 2147483647;
			files = (
				3BB9FC26295850C3005B1956 /* SingleUserStaticData.json in Resources */,
				3BB9FC142957359D005B1956 /* Preview Assets.xcassets in Resources */,
				3BB9FC102957359D005B1956 /* Assets.xcassets in Resources */,
				3BB9FC2429585061005B1956 /* UsersStaticData.json in Resources */,
			);
			runOnlyForDeploymentPostprocessing = 0;
		};
/* End PBXResourcesBuildPhase section */

/* Begin PBXSourcesBuildPhase section */
		3BB9FC042957359C005B1956 /* Sources */ = {
			isa = PBXSourcesBuildPhase;
			buildActionMask = 2147483647;
			files = (
				3BB9FC0E2957359C005B1956 /* ContentView.swift in Sources */,
				3BB9FC2A295855C2005B1956 /* UsersListView.swift in Sources */,
				3BB9FC1F29573ECD005B1956 /* UsersListModel.swift in Sources */,
				3BB9FC32295B7649005B1956 /* NetworkingManager.swift in Sources */,
				3BB9FC38295CC1A2005B1956 /* CreateUserModel.swift in Sources */,
				3BB9FC0C2957359C005B1956 /* SampleAppApp.swift in Sources */,
				3BB9FC2E295A15BA005B1956 /* UserDetailView.swift in Sources */,
				3BB9FC36295B8ED1005B1956 /* UserDetailViewModel.swift in Sources */,
				3BB9FC212957434C005B1956 /* UserDetailModel.swift in Sources */,
				3BB9FC2829585201005B1956 /* StaticJSONMapper.swift in Sources */,
				3BB9FC34295B88AA005B1956 /* UsersListViewModel.swift in Sources */,
				3BB9FC3C295CC242005B1956 /* CreateUserViewModel.swift in Sources */,
				3BB9FC30295ADFE6005B1956 /* CreateUserView.swift in Sources */,
				3BB9FC2C29586790005B1956 /* OneUserGridView.swift in Sources */,
			);
			runOnlyForDeploymentPostprocessing = 0;
		};
/* End PBXSourcesBuildPhase section */

/* Begin XCBuildConfiguration section */
		3BB9FC152957359D005B1956 /* Debug */ = {
			isa = XCBuildConfiguration;
			buildSettings = {
				ALWAYS_SEARCH_USER_PATHS = NO;
				CLANG_ANALYZER_NONNULL = YES;
				CLANG_ANALYZER_NUMBER_OBJECT_CONVERSION = YES_AGGRESSIVE;
				CLANG_CXX_LANGUAGE_STANDARD = "gnu++20";
				CLANG_ENABLE_MODULES = YES;
				CLANG_ENABLE_OBJC_ARC = YES;
				CLANG_ENABLE_OBJC_WEAK = YES;
				CLANG_WARN_BLOCK_CAPTURE_AUTORELEASING = YES;
				CLANG_WARN_BOOL_CONVERSION = YES;
				CLANG_WARN_COMMA = YES;
				CLANG_WARN_CONSTANT_CONVERSION = YES;
				CLANG_WARN_DEPRECATED_OBJC_IMPLEMENTATIONS = YES;
				CLANG_WARN_DIRECT_OBJC_ISA_USAGE = YES_ERROR;
				CLANG_WARN_DOCUMENTATION_COMMENTS = YES;
				CLANG_WARN_EMPTY_BODY = YES;
				CLANG_WARN_ENUM_CONVERSION = YES;
				CLANG_WARN_INFINITE_RECURSION = YES;
				CLANG_WARN_INT_CONVERSION = YES;
				CLANG_WARN_NON_LITERAL_NULL_CONVERSION = YES;
				CLANG_WARN_OBJC_IMPLICIT_RETAIN_SELF = YES;
				CLANG_WARN_OBJC_LITERAL_CONVERSION = YES;
				CLANG_WARN_OBJC_ROOT_CLASS = YES_ERROR;
				CLANG_WARN_QUOTED_INCLUDE_IN_FRAMEWORK_HEADER = YES;
				CLANG_WARN_RANGE_LOOP_ANALYSIS = YES;
				CLANG_WARN_STRICT_PROTOTYPES = YES;
				CLANG_WARN_SUSPICIOUS_MOVE = YES;
				CLANG_WARN_UNGUARDED_AVAILABILITY = YES_AGGRESSIVE;
				CLANG_WARN_UNREACHABLE_CODE = YES;
				CLANG_WARN__DUPLICATE_METHOD_MATCH = YES;
				COPY_PHASE_STRIP = NO;
				DEBUG_INFORMATION_FORMAT = dwarf;
				ENABLE_STRICT_OBJC_MSGSEND = YES;
				ENABLE_TESTABILITY = YES;
				GCC_C_LANGUAGE_STANDARD = gnu11;
				GCC_DYNAMIC_NO_PIC = NO;
				GCC_NO_COMMON_BLOCKS = YES;
				GCC_OPTIMIZATION_LEVEL = 0;
				GCC_PREPROCESSOR_DEFINITIONS = (
					"DEBUG=1",
					"$(inherited)",
				);
				GCC_WARN_64_TO_32_BIT_CONVERSION = YES;
				GCC_WARN_ABOUT_RETURN_TYPE = YES_ERROR;
				GCC_WARN_UNDECLARED_SELECTOR = YES;
				GCC_WARN_UNINITIALIZED_AUTOS = YES_AGGRESSIVE;
				GCC_WARN_UNUSED_FUNCTION = YES;
				GCC_WARN_UNUSED_VARIABLE = YES;
				MTL_ENABLE_DEBUG_INFO = INCLUDE_SOURCE;
				MTL_FAST_MATH = YES;
				ONLY_ACTIVE_ARCH = YES;
				SWIFT_ACTIVE_COMPILATION_CONDITIONS = DEBUG;
				SWIFT_OPTIMIZATION_LEVEL = "-Onone";
			};
			name = Debug;
		};
		3BB9FC162957359D005B1956 /* Release */ = {
			isa = XCBuildConfiguration;
			buildSettings = {
				ALWAYS_SEARCH_USER_PATHS = NO;
				CLANG_ANALYZER_NONNULL = YES;
				CLANG_ANALYZER_NUMBER_OBJECT_CONVERSION = YES_AGGRESSIVE;
				CLANG_CXX_LANGUAGE_STANDARD = "gnu++20";
				CLANG_ENABLE_MODULES = YES;
				CLANG_ENABLE_OBJC_ARC = YES;
				CLANG_ENABLE_OBJC_WEAK = YES;
				CLANG_WARN_BLOCK_CAPTURE_AUTORELEASING = YES;
				CLANG_WARN_BOOL_CONVERSION = YES;
				CLANG_WARN_COMMA = YES;
				CLANG_WARN_CONSTANT_CONVERSION = YES;
				CLANG_WARN_DEPRECATED_OBJC_IMPLEMENTATIONS = YES;
				CLANG_WARN_DIRECT_OBJC_ISA_USAGE = YES_ERROR;
				CLANG_WARN_DOCUMENTATION_COMMENTS = YES;
				CLANG_WARN_EMPTY_BODY = YES;
				CLANG_WARN_ENUM_CONVERSION = YES;
				CLANG_WARN_INFINITE_RECURSION = YES;
				CLANG_WARN_INT_CONVERSION = YES;
				CLANG_WARN_NON_LITERAL_NULL_CONVERSION = YES;
				CLANG_WARN_OBJC_IMPLICIT_RETAIN_SELF = YES;
				CLANG_WARN_OBJC_LITERAL_CONVERSION = YES;
				CLANG_WARN_OBJC_ROOT_CLASS = YES_ERROR;
				CLANG_WARN_QUOTED_INCLUDE_IN_FRAMEWORK_HEADER = YES;
				CLANG_WARN_RANGE_LOOP_ANALYSIS = YES;
				CLANG_WARN_STRICT_PROTOTYPES = YES;
				CLANG_WARN_SUSPICIOUS_MOVE = YES;
				CLANG_WARN_UNGUARDED_AVAILABILITY = YES_AGGRESSIVE;
				CLANG_WARN_UNREACHABLE_CODE = YES;
				CLANG_WARN__DUPLICATE_METHOD_MATCH = YES;
				COPY_PHASE_STRIP = NO;
				DEBUG_INFORMATION_FORMAT = "dwarf-with-dsym";
				ENABLE_NS_ASSERTIONS = NO;
				ENABLE_STRICT_OBJC_MSGSEND = YES;
				GCC_C_LANGUAGE_STANDARD = gnu11;
				GCC_NO_COMMON_BLOCKS = YES;
				GCC_WARN_64_TO_32_BIT_CONVERSION = YES;
				GCC_WARN_ABOUT_RETURN_TYPE = YES_ERROR;
				GCC_WARN_UNDECLARED_SELECTOR = YES;
				GCC_WARN_UNINITIALIZED_AUTOS = YES_AGGRESSIVE;
				GCC_WARN_UNUSED_FUNCTION = YES;
				GCC_WARN_UNUSED_VARIABLE = YES;
				MTL_ENABLE_DEBUG_INFO = NO;
				MTL_FAST_MATH = YES;
				SWIFT_COMPILATION_MODE = wholemodule;
				SWIFT_OPTIMIZATION_LEVEL = "-O";
			};
			name = Release;
		};
		3BB9FC182957359D005B1956 /* Debug */ = {
			isa = XCBuildConfiguration;
			buildSettings = {
				ASSETCATALOG_COMPILER_APPICON_NAME = AppIcon;
				ASSETCATALOG_COMPILER_GLOBAL_ACCENT_COLOR_NAME = AccentColor;
				CODE_SIGN_ENTITLEMENTS = SampleApp/SampleApp.entitlements;
				CODE_SIGN_STYLE = Automatic;
				CURRENT_PROJECT_VERSION = 1;
				DEVELOPMENT_ASSET_PATHS = "\"SampleApp/Preview Content\"";
				DEVELOPMENT_TEAM = FQWAP959Y3;
				ENABLE_HARDENED_RUNTIME = YES;
				ENABLE_PREVIEWS = YES;
				GENERATE_INFOPLIST_FILE = YES;
				"INFOPLIST_KEY_UIApplicationSceneManifest_Generation[sdk=iphoneos*]" = YES;
				"INFOPLIST_KEY_UIApplicationSceneManifest_Generation[sdk=iphonesimulator*]" = YES;
				"INFOPLIST_KEY_UIApplicationSupportsIndirectInputEvents[sdk=iphoneos*]" = YES;
				"INFOPLIST_KEY_UIApplicationSupportsIndirectInputEvents[sdk=iphonesimulator*]" = YES;
				"INFOPLIST_KEY_UILaunchScreen_Generation[sdk=iphoneos*]" = YES;
				"INFOPLIST_KEY_UILaunchScreen_Generation[sdk=iphonesimulator*]" = YES;
				"INFOPLIST_KEY_UIStatusBarStyle[sdk=iphoneos*]" = UIStatusBarStyleDefault;
				"INFOPLIST_KEY_UIStatusBarStyle[sdk=iphonesimulator*]" = UIStatusBarStyleDefault;
				INFOPLIST_KEY_UISupportedInterfaceOrientations_iPad = "UIInterfaceOrientationPortrait UIInterfaceOrientationPortraitUpsideDown UIInterfaceOrientationLandscapeLeft UIInterfaceOrientationLandscapeRight";
				INFOPLIST_KEY_UISupportedInterfaceOrientations_iPhone = "UIInterfaceOrientationPortrait UIInterfaceOrientationLandscapeLeft UIInterfaceOrientationLandscapeRight";
				IPHONEOS_DEPLOYMENT_TARGET = 16.1;
				LD_RUNPATH_SEARCH_PATHS = "@executable_path/Frameworks";
				"LD_RUNPATH_SEARCH_PATHS[sdk=macosx*]" = "@executable_path/../Frameworks";
				MACOSX_DEPLOYMENT_TARGET = 13.0;
				MARKETING_VERSION = 1.0;
				PRODUCT_BUNDLE_IDENTIFIER = com.salka.CoreData.SampleApp;
				PRODUCT_NAME = "$(TARGET_NAME)";
				SDKROOT = auto;
				SUPPORTED_PLATFORMS = "iphoneos iphonesimulator macosx";
				SWIFT_EMIT_LOC_STRINGS = YES;
				SWIFT_VERSION = 5.0;
				TARGETED_DEVICE_FAMILY = "1,2";
			};
			name = Debug;
		};
		3BB9FC192957359D005B1956 /* Release */ = {
			isa = XCBuildConfiguration;
			buildSettings = {
				ASSETCATALOG_COMPILER_APPICON_NAME = AppIcon;
				ASSETCATALOG_COMPILER_GLOBAL_ACCENT_COLOR_NAME = AccentColor;
				CODE_SIGN_ENTITLEMENTS = SampleApp/SampleApp.entitlements;
				CODE_SIGN_STYLE = Automatic;
				CURRENT_PROJECT_VERSION = 1;
				DEVELOPMENT_ASSET_PATHS = "\"SampleApp/Preview Content\"";
				DEVELOPMENT_TEAM = FQWAP959Y3;
				ENABLE_HARDENED_RUNTIME = YES;
				ENABLE_PREVIEWS = YES;
				GENERATE_INFOPLIST_FILE = YES;
				"INFOPLIST_KEY_UIApplicationSceneManifest_Generation[sdk=iphoneos*]" = YES;
				"INFOPLIST_KEY_UIApplicationSceneManifest_Generation[sdk=iphonesimulator*]" = YES;
				"INFOPLIST_KEY_UIApplicationSupportsIndirectInputEvents[sdk=iphoneos*]" = YES;
				"INFOPLIST_KEY_UIApplicationSupportsIndirectInputEvents[sdk=iphonesimulator*]" = YES;
				"INFOPLIST_KEY_UILaunchScreen_Generation[sdk=iphoneos*]" = YES;
				"INFOPLIST_KEY_UILaunchScreen_Generation[sdk=iphonesimulator*]" = YES;
				"INFOPLIST_KEY_UIStatusBarStyle[sdk=iphoneos*]" = UIStatusBarStyleDefault;
				"INFOPLIST_KEY_UIStatusBarStyle[sdk=iphonesimulator*]" = UIStatusBarStyleDefault;
				INFOPLIST_KEY_UISupportedInterfaceOrientations_iPad = "UIInterfaceOrientationPortrait UIInterfaceOrientationPortraitUpsideDown UIInterfaceOrientationLandscapeLeft UIInterfaceOrientationLandscapeRight";
				INFOPLIST_KEY_UISupportedInterfaceOrientations_iPhone = "UIInterfaceOrientationPortrait UIInterfaceOrientationLandscapeLeft UIInterfaceOrientationLandscapeRight";
				IPHONEOS_DEPLOYMENT_TARGET = 16.1;
				LD_RUNPATH_SEARCH_PATHS = "@executable_path/Frameworks";
				"LD_RUNPATH_SEARCH_PATHS[sdk=macosx*]" = "@executable_path/../Frameworks";
				MACOSX_DEPLOYMENT_TARGET = 13.0;
				MARKETING_VERSION = 1.0;
				PRODUCT_BUNDLE_IDENTIFIER = com.salka.CoreData.SampleApp;
				PRODUCT_NAME = "$(TARGET_NAME)";
				SDKROOT = auto;
				SUPPORTED_PLATFORMS = "iphoneos iphonesimulator macosx";
				SWIFT_EMIT_LOC_STRINGS = YES;
				SWIFT_VERSION = 5.0;
				TARGETED_DEVICE_FAMILY = "1,2";
			};
			name = Release;
		};
/* End XCBuildConfiguration section */

/* Begin XCConfigurationList section */
		3BB9FC032957359C005B1956 /* Build configuration list for PBXProject "SampleApp" */ = {
			isa = XCConfigurationList;
			buildConfigurations = (
				3BB9FC152957359D005B1956 /* Debug */,
				3BB9FC162957359D005B1956 /* Release */,
			);
			defaultConfigurationIsVisible = 0;
			defaultConfigurationName = Release;
		};
		3BB9FC172957359D005B1956 /* Build configuration list for PBXNativeTarget "SampleApp" */ = {
			isa = XCConfigurationList;
			buildConfigurations = (
				3BB9FC182957359D005B1956 /* Debug */,
				3BB9FC192957359D005B1956 /* Release */,
			);
			defaultConfigurationIsVisible = 0;
			defaultConfigurationName = Release;
		};
/* End XCConfigurationList section */
	};
	rootObject = 3BB9FC002957359C005B1956 /* Project object */;
}
